
Microsoft Visual Studio Solution File, Format Version 12.00
# Visual Studio Version 17
VisualStudioVersion = 17.7.34202.233
MinimumVisualStudioVersion = 10.0.40219.1
Project("{9A19103F-16F7-4668-BE54-9A1E7A4F7556}") = "LIN.Calendar", "LIN.Calendar\LIN.Calendar.csproj", "{0CF0AF67-459B-4BD8-AC54-FE900DC598B7}"
EndProject
Project("{9A19103F-16F7-4668-BE54-9A1E7A4F7556}") = "Http", "..\..\Tipos\Http\Http.csproj", "{F6FCF41F-E728-46F9-89E3-E1B841BF0596}"
EndProject
Project("{9A19103F-16F7-4668-BE54-9A1E7A4F7556}") = "LIN.Types", "..\..\Tipos\LIN.Types\LIN.Types.csproj", "{77BE374F-7DCB-45DC-8B1F-0B7D02F073BC}"
EndProject
Project("{9A19103F-16F7-4668-BE54-9A1E7A4F7556}") = "LIN.Access.Auth", "..\..\AccesoAPI\LIN.Access.Auth\LIN.Access.Auth.csproj", "{F656533C-C2C5-44A2-A02B-82184C12D99A}"
EndProject
Project("{9A19103F-16F7-4668-BE54-9A1E7A4F7556}") = "LIN.Types.Emma", "..\..\Tipos\LIN.Types.Emma\LIN.Types.Emma.csproj", "{E3269817-2FC0-409C-B4C3-DFC8AB190049}"
EndProject
Project("{9A19103F-16F7-4668-BE54-9A1E7A4F7556}") = "LIN.Types.Calendar", "..\..\Tipos\LIN.Types.Calendar\LIN.Types.Calendar.csproj", "{056047B4-5F6F-40C8-9768-515B6B1A2DF2}"
EndProject
Project("{9A19103F-16F7-4668-BE54-9A1E7A4F7556}") = "LIN.Types.Cloud.Identity", "..\..\Tipos\LIN.Types.Cloud.Identity\LIN.Types.Cloud.Identity.csproj", "{73647690-B758-4567-A80D-10199289BB2C}"
EndProject
Project("{9A19103F-16F7-4668-BE54-9A1E7A4F7556}") = "LIN.Access.Logger", "..\..\AccesoAPI\LIN.Access.Logger\LIN.Access.Logger.csproj", "{418C7AB4-DF1A-42F2-8A5D-6B8D2DD83D5C}"
EndProject
Global
	GlobalSection(SolutionConfigurationPlatforms) = preSolution
		Debug|Any CPU = Debug|Any CPU
		Debug|x86 = Debug|x86
		Release|Any CPU = Release|Any CPU
		Release|x86 = Release|x86
	EndGlobalSection
	GlobalSection(ProjectConfigurationPlatforms) = postSolution
		{0CF0AF67-459B-4BD8-AC54-FE900DC598B7}.Debug|Any CPU.ActiveCfg = Debug|Any CPU
		{0CF0AF67-459B-4BD8-AC54-FE900DC598B7}.Debug|Any CPU.Build.0 = Debug|Any CPU
		{0CF0AF67-459B-4BD8-AC54-FE900DC598B7}.Debug|x86.ActiveCfg = Debug|Any CPU
		{0CF0AF67-459B-4BD8-AC54-FE900DC598B7}.Debug|x86.Build.0 = Debug|Any CPU
		{0CF0AF67-459B-4BD8-AC54-FE900DC598B7}.Release|Any CPU.ActiveCfg = Release|Any CPU
		{0CF0AF67-459B-4BD8-AC54-FE900DC598B7}.Release|Any CPU.Build.0 = Release|Any CPU
		{0CF0AF67-459B-4BD8-AC54-FE900DC598B7}.Release|x86.ActiveCfg = Release|Any CPU
		{0CF0AF67-459B-4BD8-AC54-FE900DC598B7}.Release|x86.Build.0 = Release|Any CPU
		{F6FCF41F-E728-46F9-89E3-E1B841BF0596}.Debug|Any CPU.ActiveCfg = Debug|Any CPU
		{F6FCF41F-E728-46F9-89E3-E1B841BF0596}.Debug|Any CPU.Build.0 = Debug|Any CPU
		{F6FCF41F-E728-46F9-89E3-E1B841BF0596}.Debug|x86.ActiveCfg = Debug|x86
		{F6FCF41F-E728-46F9-89E3-E1B841BF0596}.Debug|x86.Build.0 = Debug|x86
		{F6FCF41F-E728-46F9-89E3-E1B841BF0596}.Release|Any CPU.ActiveCfg = Release|Any CPU
		{F6FCF41F-E728-46F9-89E3-E1B841BF0596}.Release|Any CPU.Build.0 = Release|Any CPU
		{F6FCF41F-E728-46F9-89E3-E1B841BF0596}.Release|x86.ActiveCfg = Release|x86
		{F6FCF41F-E728-46F9-89E3-E1B841BF0596}.Release|x86.Build.0 = Release|x86
		{77BE374F-7DCB-45DC-8B1F-0B7D02F073BC}.Debug|Any CPU.ActiveCfg = Debug|Any CPU
		{77BE374F-7DCB-45DC-8B1F-0B7D02F073BC}.Debug|Any CPU.Build.0 = Debug|Any CPU
		{77BE374F-7DCB-45DC-8B1F-0B7D02F073BC}.Debug|x86.ActiveCfg = Debug|Any CPU
		{77BE374F-7DCB-45DC-8B1F-0B7D02F073BC}.Debug|x86.Build.0 = Debug|Any CPU
		{77BE374F-7DCB-45DC-8B1F-0B7D02F073BC}.Release|Any CPU.ActiveCfg = Release|Any CPU
		{77BE374F-7DCB-45DC-8B1F-0B7D02F073BC}.Release|Any CPU.Build.0 = Release|Any CPU
		{77BE374F-7DCB-45DC-8B1F-0B7D02F073BC}.Release|x86.ActiveCfg = Release|Any CPU
		{77BE374F-7DCB-45DC-8B1F-0B7D02F073BC}.Release|x86.Build.0 = Release|Any CPU
		{F656533C-C2C5-44A2-A02B-82184C12D99A}.Debug|Any CPU.ActiveCfg = Debug|Any CPU
		{F656533C-C2C5-44A2-A02B-82184C12D99A}.Debug|Any CPU.Build.0 = Debug|Any CPU
		{F656533C-C2C5-44A2-A02B-82184C12D99A}.Debug|x86.ActiveCfg = Debug|Any CPU
		{F656533C-C2C5-44A2-A02B-82184C12D99A}.Debug|x86.Build.0 = Debug|Any CPU
		{F656533C-C2C5-44A2-A02B-82184C12D99A}.Release|Any CPU.ActiveCfg = Release|Any CPU
		{F656533C-C2C5-44A2-A02B-82184C12D99A}.Release|Any CPU.Build.0 = Release|Any CPU
		{F656533C-C2C5-44A2-A02B-82184C12D99A}.Release|x86.ActiveCfg = Release|Any CPU
		{F656533C-C2C5-44A2-A02B-82184C12D99A}.Release|x86.Build.0 = Release|Any CPU
		{E3269817-2FC0-409C-B4C3-DFC8AB190049}.Debug|Any CPU.ActiveCfg = Debug|Any CPU
		{E3269817-2FC0-409C-B4C3-DFC8AB190049}.Debug|Any CPU.Build.0 = Debug|Any CPU
		{E3269817-2FC0-409C-B4C3-DFC8AB190049}.Debug|x86.ActiveCfg = Debug|Any CPU
		{E3269817-2FC0-409C-B4C3-DFC8AB190049}.Debug|x86.Build.0 = Debug|Any CPU
		{E3269817-2FC0-409C-B4C3-DFC8AB190049}.Release|Any CPU.ActiveCfg = Release|Any CPU
		{E3269817-2FC0-409C-B4C3-DFC8AB190049}.Release|Any CPU.Build.0 = Release|Any CPU
		{E3269817-2FC0-409C-B4C3-DFC8AB190049}.Release|x86.ActiveCfg = Release|Any CPU
		{E3269817-2FC0-409C-B4C3-DFC8AB190049}.Release|x86.Build.0 = Release|Any CPU
		{056047B4-5F6F-40C8-9768-515B6B1A2DF2}.Debug|Any CPU.ActiveCfg = Debug|Any CPU
		{056047B4-5F6F-40C8-9768-515B6B1A2DF2}.Debug|Any CPU.Build.0 = Debug|Any CPU
		{056047B4-5F6F-40C8-9768-515B6B1A2DF2}.Debug|x86.ActiveCfg = Debug|Any CPU
		{056047B4-5F6F-40C8-9768-515B6B1A2DF2}.Debug|x86.Build.0 = Debug|Any CPU
		{056047B4-5F6F-40C8-9768-515B6B1A2DF2}.Release|Any CPU.ActiveCfg = Release|Any CPU
		{056047B4-5F6F-40C8-9768-515B6B1A2DF2}.Release|Any CPU.Build.0 = Release|Any CPU
		{056047B4-5F6F-40C8-9768-515B6B1A2DF2}.Release|x86.ActiveCfg = Release|Any CPU
		{056047B4-5F6F-40C8-9768-515B6B1A2DF2}.Release|x86.Build.0 = Release|Any CPU
		{73647690-B758-4567-A80D-10199289BB2C}.Debug|Any CPU.ActiveCfg = Debug|Any CPU
		{73647690-B758-4567-A80D-10199289BB2C}.Debug|Any CPU.Build.0 = Debug|Any CPU
		{73647690-B758-4567-A80D-10199289BB2C}.Debug|x86.ActiveCfg = Debug|Any CPU
		{73647690-B758-4567-A80D-10199289BB2C}.Debug|x86.Build.0 = Debug|Any CPU
		{73647690-B758-4567-A80D-10199289BB2C}.Release|Any CPU.ActiveCfg = Release|Any CPU
		{73647690-B758-4567-A80D-10199289BB2C}.Release|Any CPU.Build.0 = Release|Any CPU
		{73647690-B758-4567-A80D-10199289BB2C}.Release|x86.ActiveCfg = Release|Any CPU
		{73647690-B758-4567-A80D-10199289BB2C}.Release|x86.Build.0 = Release|Any CPU
		{418C7AB4-DF1A-42F2-8A5D-6B8D2DD83D5C}.Debug|Any CPU.ActiveCfg = Debug|Any CPU
		{418C7AB4-DF1A-42F2-8A5D-6B8D2DD83D5C}.Debug|Any CPU.Build.0 = Debug|Any CPU
		{418C7AB4-DF1A-42F2-8A5D-6B8D2DD83D5C}.Debug|x86.ActiveCfg = Debug|Any CPU
		{418C7AB4-DF1A-42F2-8A5D-6B8D2DD83D5C}.Debug|x86.Build.0 = Debug|Any CPU
		{418C7AB4-DF1A-42F2-8A5D-6B8D2DD83D5C}.Release|Any CPU.ActiveCfg = Release|Any CPU
		{418C7AB4-DF1A-42F2-8A5D-6B8D2DD83D5C}.Release|Any CPU.Build.0 = Release|Any CPU
		{418C7AB4-DF1A-42F2-8A5D-6B8D2DD83D5C}.Release|x86.ActiveCfg = Release|Any CPU
		{418C7AB4-DF1A-42F2-8A5D-6B8D2DD83D5C}.Release|x86.Build.0 = Release|Any CPU
	EndGlobalSection
	GlobalSection(SolutionProperties) = preSolution
		HideSolutionNode = FALSE
	EndGlobalSection
	GlobalSection(ExtensibilityGlobals) = postSolution
		SolutionGuid = {AFD82169-1CB5-4B0E-ACCA-4D03751505B4}
	EndGlobalSection
EndGlobal
