
Microsoft Visual Studio Solution File, Format Version 12.00
# Visual Studio Version 17
VisualStudioVersion = 17.7.34202.233
MinimumVisualStudioVersion = 10.0.40219.1
Project("{9A19103F-16F7-4668-BE54-9A1E7A4F7556}") = "LIN.Calendar", "LIN.Calendar\LIN.Calendar.csproj", "{0CF0AF67-459B-4BD8-AC54-FE900DC598B7}"
EndProject
Project("{FAE04EC0-301F-11D3-BF4B-00C04F79EFBC}") = "LIN.Calendar.Persistence", "LIN.Calendar.Persistence\LIN.Calendar.Persistence.csproj", "{7460BC90-6B2E-4330-9008-2A101E9E0905}"
EndProject
Global
	GlobalSection(SolutionConfigurationPlatforms) = preSolution
		Debug|Any CPU = Debug|Any CPU
		Debug|x86 = Debug|x86
		Release|Any CPU = Release|Any CPU
		Release|x86 = Release|x86
	EndGlobalSection
	GlobalSection(ProjectConfigurationPlatforms) = postSolution
		{0CF0AF67-459B-4BD8-AC54-FE900DC598B7}.Debug|Any CPU.ActiveCfg = Debug|Any CPU
		{0CF0AF67-459B-4BD8-AC54-FE900DC598B7}.Debug|Any CPU.Build.0 = Debug|Any CPU
		{0CF0AF67-459B-4BD8-AC54-FE900DC598B7}.Debug|x86.ActiveCfg = Debug|Any CPU
		{0CF0AF67-459B-4BD8-AC54-FE900DC598B7}.Debug|x86.Build.0 = Debug|Any CPU
		{0CF0AF67-459B-4BD8-AC54-FE900DC598B7}.Release|Any CPU.ActiveCfg = Release|Any CPU
		{0CF0AF67-459B-4BD8-AC54-FE900DC598B7}.Release|Any CPU.Build.0 = Release|Any CPU
		{0CF0AF67-459B-4BD8-AC54-FE900DC598B7}.Release|x86.ActiveCfg = Release|Any CPU
		{0CF0AF67-459B-4BD8-AC54-FE900DC598B7}.Release|x86.Build.0 = Release|Any CPU
		{7460BC90-6B2E-4330-9008-2A101E9E0905}.Debug|Any CPU.ActiveCfg = Debug|Any CPU
		{7460BC90-6B2E-4330-9008-2A101E9E0905}.Debug|Any CPU.Build.0 = Debug|Any CPU
		{7460BC90-6B2E-4330-9008-2A101E9E0905}.Debug|x86.ActiveCfg = Debug|Any CPU
		{7460BC90-6B2E-4330-9008-2A101E9E0905}.Debug|x86.Build.0 = Debug|Any CPU
		{7460BC90-6B2E-4330-9008-2A101E9E0905}.Release|Any CPU.ActiveCfg = Release|Any CPU
		{7460BC90-6B2E-4330-9008-2A101E9E0905}.Release|Any CPU.Build.0 = Release|Any CPU
		{7460BC90-6B2E-4330-9008-2A101E9E0905}.Release|x86.ActiveCfg = Release|Any CPU
		{7460BC90-6B2E-4330-9008-2A101E9E0905}.Release|x86.Build.0 = Release|Any CPU
	EndGlobalSection
	GlobalSection(SolutionProperties) = preSolution
		HideSolutionNode = FALSE
	EndGlobalSection
	GlobalSection(ExtensibilityGlobals) = postSolution
		SolutionGuid = {AFD82169-1CB5-4B0E-ACCA-4D03751505B4}
	EndGlobalSection
EndGlobal
